<?xml version="1.0" encoding="utf-8"?>
<Project ToolsVersion="4.0" xmlns="http://schemas.microsoft.com/developer/msbuild/2003">
  <ItemGroup>
    <CudaCompile Include="gpu_algorithm_colorspace.cu" />
    <CudaCompile Include="node\algo_node_gamma.cu">
      <Filter>node</Filter>
    </CudaCompile>
    <CudaCompile Include="node\algo_node_guidedfilter.cu">
      <Filter>node</Filter>
    </CudaCompile>
    <CudaCompile Include="node\algo_node_image_adjust.cu">
      <Filter>node</Filter>
    </CudaCompile>
    <CudaCompile Include="node\algo_node_uneven_y.cu">
      <Filter>node</Filter>
    </CudaCompile>
    <CudaCompile Include="func\func_uneven_y.cu">
      <Filter>func</Filter>
    </CudaCompile>
  </ItemGroup>
  <ItemGroup>
    <ClCompile Include="gpu_algorithm_pipeline_manager.cpp" />
    <ClCompile Include="gpu_algorithm_node_tree.cpp" />
    <ClCompile Include="node\algo_node_base.cpp">
      <Filter>node</Filter>
    </ClCompile>
    <ClCompile Include="node\algo_node_gamma.cpp">
      <Filter>node</Filter>
    </ClCompile>
    <ClCompile Include="node\algo_node_guidedfilter.cpp">
      <Filter>node</Filter>
    </ClCompile>
    <ClCompile Include="node\algo_node_image_adjust.cpp">
      <Filter>node</Filter>
    </ClCompile>
    <ClCompile Include="node\algo_node_rectify.cpp">
      <Filter>node</Filter>
    </ClCompile>
    <ClCompile Include="node\algo_node_uneven_y.cpp">
      <Filter>node</Filter>
    </ClCompile>
    <ClCompile Include="node\algo_node_usm.cpp">
      <Filter>node</Filter>
    </ClCompile>
  </ItemGroup>
  <ItemGroup>
    <ClInclude Include="gpu_algorithm_colorspace.h" />
    <ClInclude Include="gpu_algorithm_pipeline_manager.h" />
    <ClInclude Include="gpu_algorithm_node_tree.h" />
    <ClInclude Include="node\algo_node_base.h">
      <Filter>node</Filter>
    </ClInclude>
    <ClInclude Include="node\algo_node_gamma.h">
      <Filter>node</Filter>
    </ClInclude>
    <ClInclude Include="node\algo_node_guidedfilter.h">
      <Filter>node</Filter>
    </ClInclude>
    <ClInclude Include="node\algo_node_image_adjust.h">
      <Filter>node</Filter>
    </ClInclude>
    <ClInclude Include="node\algo_node_rectify.h">
      <Filter>node</Filter>
    </ClInclude>
    <ClInclude Include="node\algo_node_uneven_y.h">
      <Filter>node</Filter>
    </ClInclude>
    <ClInclude Include="node\algo_node_usm.h">
      <Filter>node</Filter>
    </ClInclude>
    <ClInclude Include="def\cu_define.h">
      <Filter>define</Filter>
    </ClInclude>
    <ClInclude Include="def\define.h">
      <Filter>define</Filter>
    </ClInclude>
  </ItemGroup>
  <ItemGroup>
    <Filter Include="define">
      <UniqueIdentifier>{891333c2-7422-4567-8d88-24e9951a96d7}</UniqueIdentifier>
    </Filter>
    <Filter Include="node">
      <UniqueIdentifier>{0b7bd27b-47d9-4a8f-b1bc-50bb97baebc0}</UniqueIdentifier>
    </Filter>
    <Filter Include="func">
      <UniqueIdentifier>{f565dd59-e54f-45f6-94c3-8fb9c577db92}</UniqueIdentifier>
    </Filter>
  </ItemGroup>
</Project>